# This file is autogenerated, do not edit; changes may be undone by the next 'dep ensure'.


[[projects]]
  branch = "master"
  name = "github.com/AndreasBriese/bbloom"
  packages = ["."]
  revision = "28f7e881ca57bc00e028f9ede9f0d9104cfeef5e"

[[projects]]
  branch = "master"
  name = "github.com/beorn7/perks"
  packages = ["quantile"]
  revision = "4c0e84591b9aa9e6dcfdf3e020114cd81f89d5f9"

[[projects]]
  name = "github.com/blevesearch/bleve"
  packages = ["analysis","analysis/analyzer/custom","analysis/lang/cjk","analysis/token/lowercase","analysis/token/porter","analysis/token/stop","analysis/token/unicodenorm","analysis/tokenizer/unicode","analysis/tokenmap","document","geo","index","index/store","numeric","registry","search","search/highlight"]
  revision = "0456569b6240ce13fc7bfed00e10b3f99e68a3e2"
  version = "v0.6.0"

[[projects]]
  branch = "master"
  name = "github.com/blevesearch/blevex"
  packages = ["stemmer"]
  revision = "016ee54839d3bf3b8ad7c624006cd275aa13234d"

[[projects]]
  name = "github.com/blevesearch/go-porterstemmer"
  packages = ["."]
  revision = "b4dd94e38f29620fe0f97ae4b0f6994b0d5d75f0"
  version = "v1.0.1"

[[projects]]
  branch = "master"
  name = "github.com/blevesearch/segment"
  packages = ["."]
  revision = "762005e7a34fd909a84586299f1dd457371d36ee"

[[projects]]
  branch = "master"
  name = "github.com/codahale/hdrhistogram"
  packages = ["."]
  revision = "3a0bb77429bd3a61596f5e8a3172445844342120"

[[projects]]
  name = "github.com/dgraph-io/badger"
  packages = [".","options","protos","skl","table","y"]
  revision = "69611218c7078be6de16f4ea13fb256e701b6b73"
  version = "v1.3.0"

[[projects]]
  name = "github.com/dgraph-io/dgraph"
  packages = ["client","lex","protos/api","protos/intern","schema","tok","types","x","y"]
  revision = "ebce34814669eec560519aa106841f066ff4e9fc"
  version = "v1.0.1"

[[projects]]
  branch = "master"
  name = "github.com/dgryski/go-farm"
  packages = ["."]
  revision = "2de33835d10275975374b37b2dcfd22c9020a1f5"

[[projects]]
  name = "github.com/fsnotify/fsnotify"
  packages = ["."]
  revision = "629574ca2a5df945712d3079857300b5e4da0236"
  version = "v1.4.2"

[[projects]]
  name = "github.com/gogo/protobuf"
  packages = ["proto"]
  revision = "342cbe0a04158f6dcb03ca0079991a51a4248c02"
  version = "v0.5"

[[projects]]
  branch = "master"
  name = "github.com/golang/geo"
  packages = ["r1","r2","r3","s1","s2"]
  revision = "a8523298cefedcf7b70bbbf4eeef24cbb3258376"

[[projects]]
  branch = "master"
  name = "github.com/golang/protobuf"
  packages = ["proto","ptypes","ptypes/any","ptypes/duration","ptypes/timestamp"]
  revision = "1e59b77b52bf8e4b449a57e6f79f21226d571845"

[[projects]]
  branch = "master"
  name = "github.com/hashicorp/hcl"
  packages = [".","hcl/ast","hcl/parser","hcl/scanner","hcl/strconv","hcl/token","json/parser","json/scanner","json/token"]
  revision = "23c074d0eceb2b8a5bfdbb271ab780cde70f05a8"

[[projects]]
  name = "github.com/inconshreveable/mousetrap"
  packages = ["."]
  revision = "76626ae9c91c4f2a10f34cad8ce83ea42c93bb75"
  version = "v1.0"

[[projects]]
  name = "github.com/magiconair/properties"
  packages = ["."]
  revision = "d419a98cdbed11a922bf76f257b7c4be79b50e73"
  version = "v1.7.4"

[[projects]]
  name = "github.com/matttproud/golang_protobuf_extensions"
  packages = ["pbutil"]
  revision = "3247c84500bff8d9fb6d579d800f20b3e091582c"
  version = "v1.0.0"

[[projects]]
  branch = "master"
  name = "github.com/mitchellh/mapstructure"
  packages = ["."]
  revision = "06020f85339e21b2478f756a78e295255ffa4d6a"

[[projects]]
  name = "github.com/pelletier/go-toml"
  packages = ["."]
  revision = "16398bac157da96aa88f98a2df640c7f32af1da2"
  version = "v1.0.1"

[[projects]]
  name = "github.com/pkg/errors"
  packages = ["."]
  revision = "645ef00459ed84a119197bfb8d8205042c6df63d"
  version = "v0.8.0"

[[projects]]
  name = "github.com/pkg/profile"
  packages = ["."]
  revision = "5b67d428864e92711fcbd2f8629456121a56d91f"
  version = "v1.2.1"

[[projects]]
  name = "github.com/prometheus/client_golang"
  packages = ["prometheus"]
  revision = "c5b7fccd204277076155f10851dad72b76a49317"
  version = "v0.8.0"

[[projects]]
  branch = "master"
  name = "github.com/prometheus/client_model"
  packages = ["go"]
  revision = "99fa1f4be8e564e8a6b613da7fa6f46c9edafc6c"

[[projects]]
  branch = "master"
  name = "github.com/prometheus/common"
  packages = ["expfmt","internal/bitbucket.org/ww/goautoneg","model"]
  revision = "89604d197083d4781071d3c65855d24ecfb0a563"

[[projects]]
  branch = "master"
  name = "github.com/prometheus/procfs"
  packages = [".","xfs"]
  revision = "b15cd069a83443be3154b719d0cc9fe8117f09fb"

[[projects]]
  name = "github.com/spf13/afero"
  packages = [".","mem"]
  revision = "ec3a3111d1e1bdff38a61e09d5a5f5e974905611"
  version = "v1.0.1"

[[projects]]
  name = "github.com/spf13/cast"
  packages = ["."]
  revision = "acbeb36b902d72a7a4c18e8f3241075e7ab763e4"
  version = "v1.1.0"

[[projects]]
  name = "github.com/spf13/cobra"
  packages = ["."]
  revision = "7b2c5ac9fc04fc5efafb60700713d4fa609b777b"
  version = "v0.0.1"

[[projects]]
  branch = "master"
  name = "github.com/spf13/jwalterweatherman"
  packages = ["."]
  revision = "12bd96e66386c1960ab0f74ced1362f66f552f7b"

[[projects]]
  name = "github.com/spf13/pflag"
  packages = ["."]
  revision = "e57e3eeb33f795204c1ca35f56c44f83227c6e66"
  version = "v1.0.0"

[[projects]]
  name = "github.com/spf13/viper"
  packages = ["."]
  revision = "25b30aa063fc18e48662b86996252eabdcf2f0c7"
  version = "v1.0.0"

[[projects]]
  name = "github.com/tebeka/snowball"
  packages = ["."]
  revision = "16e884df4e19660c5d3f61cf70d4a38c9eb1bae4"
  version = "0.2.0"

[[projects]]
  branch = "master"
  name = "github.com/twpayne/go-geom"
  packages = [".","encoding/geojson","encoding/wkb","encoding/wkbcommon"]
  revision = "f8ead8b4672e0bb05caf5ef179962cc7a9f8f876"

[[projects]]
  branch = "master"
  name = "golang.org/x/crypto"
  packages = ["bcrypt","blowfish"]
  revision = "13931e22f9e72ea58bb73048bc752b48c6d4d4ac"

[[projects]]
  branch = "master"
  name = "golang.org/x/net"
  packages = ["context","http2","http2/hpack","idna","internal/timeseries","lex/httplex","trace"]
  revision = "434ec0c7fe3742c984919a691b2018a6e9694425"

[[projects]]
  branch = "master"
  name = "golang.org/x/sys"
  packages = ["unix"]
  revision = "1792d66dc88e503d3cb2400578221cdf1f7fe26f"

[[projects]]
  branch = "master"
  name = "golang.org/x/text"
  packages = ["collate","collate/build","internal/colltab","internal/gen","internal/tag","internal/triegen","internal/ucd","language","secure/bidirule","transform","unicode/bidi","unicode/cldr","unicode/norm","unicode/rangetable"]
  revision = "e19ae1496984b1c655b8044a65c0300a3c878dd3"

[[projects]]
  branch = "master"
  name = "google.golang.org/genproto"
  packages = ["googleapis/rpc/status"]
  revision = "a8101f21cf983e773d0c1133ebc5424792003214"

[[projects]]
  name = "google.golang.org/grpc"
  packages = [".","balancer","balancer/base","balancer/roundrobin","codes","connectivity","credentials","encoding","grpclb/grpc_lb_v1/messages","grpclog","internal","keepalive","metadata","naming","peer","resolver","resolver/dns","resolver/passthrough","stats","status","tap","transport"]
  revision = "7cea4cc846bcf00cbb27595b07da5de875ef7de9"
  version = "v1.9.1"

[[projects]]
  branch = "v2"
  name = "gopkg.in/yaml.v2"
  packages = ["."]
  revision = "c4a9fb418357aceb801272d73efd518f183700fa"

[solve-meta]
  analyzer-name = "dep"
  analyzer-version = 1
  inputs-digest = "afc00a985e2138837f9880f8ee64eee3ab55fecf82ba114fd3999efd38e9e396"
  solver-name = "gps-cdcl"
  solver-version = 1
